// !$*UTF8*$!
{
	archiveVersion = 1;
	classes = {
	};
	objectVersion = 50;
	objects = {

/* Begin PBXBuildFile section */
		2F5D428D18A3108E83288F3F /* Pods_RealmWrapperExample.framework in Frameworks */ = {isa = PBXBuildFile; fileRef = F200FF9B32313D115061B707 /* Pods_RealmWrapperExample.framework */; };
		6536D43B20CE9FB7008718E8 /* AddViewController.swift in Sources */ = {isa = PBXBuildFile; fileRef = 6536D43A20CE9FB7008718E8 /* AddViewController.swift */; };
		6536D43D20CEA108008718E8 /* User.swift in Sources */ = {isa = PBXBuildFile; fileRef = 6536D43C20CEA108008718E8 /* User.swift */; };
		6536D43F20CEA123008718E8 /* UserTableViewCell.swift in Sources */ = {isa = PBXBuildFile; fileRef = 6536D43E20CEA123008718E8 /* UserTableViewCell.swift */; };
		6536D44120CEA14C008718E8 /* UserRealmManager.swift in Sources */ = {isa = PBXBuildFile; fileRef = 6536D44020CEA14C008718E8 /* UserRealmManager.swift */; };
		6536D44520CEA16F008718E8 /* InMemoryManager.swift in Sources */ = {isa = PBXBuildFile; fileRef = 6536D44420CEA16F008718E8 /* InMemoryManager.swift */; };
		6536D44720CEA1B5008718E8 /* UserRealmProxy.swift in Sources */ = {isa = PBXBuildFile; fileRef = 6536D44620CEA1B5008718E8 /* UserRealmProxy.swift */; };
		6536D44920CEA1D1008718E8 /* InMemoryRealmProxy.swift in Sources */ = {isa = PBXBuildFile; fileRef = 6536D44820CEA1D1008718E8 /* InMemoryRealmProxy.swift */; };
		65C3366F20CC9D5D00D59A7E /* AppDelegate.swift in Sources */ = {isa = PBXBuildFile; fileRef = 65C3366E20CC9D5D00D59A7E /* AppDelegate.swift */; };
		65EEE0B220CD21C600CB75C3 /* Assets.xcassets in Resources */ = {isa = PBXBuildFile; fileRef = 65EEE0AD20CD21C600CB75C3 /* Assets.xcassets */; };
		65EEE0B320CD21C600CB75C3 /* LaunchScreen.storyboard in Resources */ = {isa = PBXBuildFile; fileRef = 65EEE0AF20CD21C600CB75C3 /* LaunchScreen.storyboard */; };
		65EEE0D420CD5F3200CB75C3 /* ClassName-Extension.swift in Sources */ = {isa = PBXBuildFile; fileRef = 65EEE0CC20CD5F3200CB75C3 /* ClassName-Extension.swift */; };
		65EEE0D520CD5F3200CB75C3 /* UITableView-Extension.swift in Sources */ = {isa = PBXBuildFile; fileRef = 65EEE0CD20CD5F3200CB75C3 /* UITableView-Extension.swift */; };
		65EEE0D720CD5F3200CB75C3 /* TableViewController.swift in Sources */ = {isa = PBXBuildFile; fileRef = 65EEE0D120CD5F3200CB75C3 /* TableViewController.swift */; };
		65EEE0D820CD5F3200CB75C3 /* EditViewController.swift in Sources */ = {isa = PBXBuildFile; fileRef = 65EEE0D220CD5F3200CB75C3 /* EditViewController.swift */; };
/* End PBXBuildFile section */

/* Begin PBXFileReference section */
		15EAC6DCE0811B7BDB4167C1 /* Pods-RealmWrapperExample.release.xcconfig */ = {isa = PBXFileReference; includeInIndex = 1; lastKnownFileType = text.xcconfig; name = "Pods-RealmWrapperExample.release.xcconfig"; path = "Pods/Target Support Files/Pods-RealmWrapperExample/Pods-RealmWrapperExample.release.xcconfig"; sourceTree = "<group>"; };
		6536D43A20CE9FB7008718E8 /* AddViewController.swift */ = {isa = PBXFileReference; lastKnownFileType = sourcecode.swift; path = AddViewController.swift; sourceTree = "<group>"; };
		6536D43C20CEA108008718E8 /* User.swift */ = {isa = PBXFileReference; lastKnownFileType = sourcecode.swift; path = User.swift; sourceTree = "<group>"; };
		6536D43E20CEA123008718E8 /* UserTableViewCell.swift */ = {isa = PBXFileReference; lastKnownFileType = sourcecode.swift; path = UserTableViewCell.swift; sourceTree = "<group>"; };
		6536D44020CEA14C008718E8 /* UserRealmManager.swift */ = {isa = PBXFileReference; lastKnownFileType = sourcecode.swift; path = UserRealmManager.swift; sourceTree = "<group>"; };
		6536D44420CEA16F008718E8 /* InMemoryManager.swift */ = {isa = PBXFileReference; lastKnownFileType = sourcecode.swift; path = InMemoryManager.swift; sourceTree = "<group>"; };
		6536D44620CEA1B5008718E8 /* UserRealmProxy.swift */ = {isa = PBXFileReference; lastKnownFileType = sourcecode.swift; path = UserRealmProxy.swift; sourceTree = "<group>"; };
		6536D44820CEA1D1008718E8 /* InMemoryRealmProxy.swift */ = {isa = PBXFileReference; lastKnownFileType = sourcecode.swift; path = InMemoryRealmProxy.swift; sourceTree = "<group>"; };
		65C3366B20CC9D5D00D59A7E /* RealmWrapperExample.app */ = {isa = PBXFileReference; explicitFileType = wrapper.application; includeInIndex = 0; path = RealmWrapperExample.app; sourceTree = BUILT_PRODUCTS_DIR; };
		65C3366E20CC9D5D00D59A7E /* AppDelegate.swift */ = {isa = PBXFileReference; lastKnownFileType = sourcecode.swift; path = AppDelegate.swift; sourceTree = "<group>"; };
		65EEE0AD20CD21C600CB75C3 /* Assets.xcassets */ = {isa = PBXFileReference; lastKnownFileType = folder.assetcatalog; path = Assets.xcassets; sourceTree = "<group>"; };
		65EEE0B020CD21C600CB75C3 /* Base */ = {isa = PBXFileReference; lastKnownFileType = file.storyboard; name = Base; path = LaunchScreen.storyboard; sourceTree = "<group>"; };
		65EEE0B120CD21C600CB75C3 /* Info.plist */ = {isa = PBXFileReference; fileEncoding = 4; lastKnownFileType = text.plist.xml; path = Info.plist; sourceTree = "<group>"; };
		65EEE0CC20CD5F3200CB75C3 /* ClassName-Extension.swift */ = {isa = PBXFileReference; fileEncoding = 4; lastKnownFileType = sourcecode.swift; path = "ClassName-Extension.swift"; sourceTree = "<group>"; };
		65EEE0CD20CD5F3200CB75C3 /* UITableView-Extension.swift */ = {isa = PBXFileReference; fileEncoding = 4; lastKnownFileType = sourcecode.swift; path = "UITableView-Extension.swift"; sourceTree = "<group>"; };
		65EEE0D120CD5F3200CB75C3 /* TableViewController.swift */ = {isa = PBXFileReference; fileEncoding = 4; lastKnownFileType = sourcecode.swift; path = TableViewController.swift; sourceTree = "<group>"; };
		65EEE0D220CD5F3200CB75C3 /* EditViewController.swift */ = {isa = PBXFileReference; fileEncoding = 4; lastKnownFileType = sourcecode.swift; path = EditViewController.swift; sourceTree = "<group>"; };
		E4432A9818D9B84C292A51D8 /* Pods-RealmWrapperExample.debug.xcconfig */ = {isa = PBXFileReference; includeInIndex = 1; lastKnownFileType = text.xcconfig; name = "Pods-RealmWrapperExample.debug.xcconfig"; path = "Pods/Target Support Files/Pods-RealmWrapperExample/Pods-RealmWrapperExample.debug.xcconfig"; sourceTree = "<group>"; };
		F200FF9B32313D115061B707 /* Pods_RealmWrapperExample.framework */ = {isa = PBXFileReference; explicitFileType = wrapper.framework; includeInIndex = 0; path = Pods_RealmWrapperExample.framework; sourceTree = BUILT_PRODUCTS_DIR; };
/* End PBXFileReference section */

/* Begin PBXFrameworksBuildPhase section */
		65C3366820CC9D5D00D59A7E /* Frameworks */ = {
			isa = PBXFrameworksBuildPhase;
			buildActionMask = 2147483647;
			files = (
				2F5D428D18A3108E83288F3F /* Pods_RealmWrapperExample.framework in Frameworks */,
			);
			runOnlyForDeploymentPostprocessing = 0;
		};
/* End PBXFrameworksBuildPhase section */

/* Begin PBXGroup section */
		14816754E106D28C9A493BEE /* Frameworks */ = {
			isa = PBXGroup;
			children = (
				F200FF9B32313D115061B707 /* Pods_RealmWrapperExample.framework */,
			);
			name = Frameworks;
			sourceTree = "<group>";
		};
		6587D05220CD8DE500CE9653 /* DBManager */ = {
			isa = PBXGroup;
			children = (
				6536D44020CEA14C008718E8 /* UserRealmManager.swift */,
				6536D44420CEA16F008718E8 /* InMemoryManager.swift */,
			);
			path = DBManager;
			sourceTree = "<group>";
		};
		6587D05320CD8DE900CE9653 /* DBProxy */ = {
			isa = PBXGroup;
			children = (
				6536D44620CEA1B5008718E8 /* UserRealmProxy.swift */,
				6536D44820CEA1D1008718E8 /* InMemoryRealmProxy.swift */,
			);
			path = DBProxy;
			sourceTree = "<group>";
		};
		65C3366220CC9D5D00D59A7E = {
			isa = PBXGroup;
			children = (
				65C3366D20CC9D5D00D59A7E /* RealmWrapperExample */,
				65C3366C20CC9D5D00D59A7E /* Products */,
				8EAFDE20EE3951FEC143EEC3 /* Pods */,
				14816754E106D28C9A493BEE /* Frameworks */,
			);
			sourceTree = "<group>";
		};
		65C3366C20CC9D5D00D59A7E /* Products */ = {
			isa = PBXGroup;
			children = (
				65C3366B20CC9D5D00D59A7E /* RealmWrapperExample.app */,
			);
			name = Products;
			sourceTree = "<group>";
		};
		65C3366D20CC9D5D00D59A7E /* RealmWrapperExample */ = {
			isa = PBXGroup;
			children = (
				65C3366E20CC9D5D00D59A7E /* AppDelegate.swift */,
				65EEE0C820CD5F3200CB75C3 /* Sources */,
				65EEE0AC20CD219900CB75C3 /* Support */,
			);
			path = RealmWrapperExample;
			sourceTree = "<group>";
		};
		65EEE0AC20CD219900CB75C3 /* Support */ = {
			isa = PBXGroup;
			children = (
				65EEE0AD20CD21C600CB75C3 /* Assets.xcassets */,
				65EEE0AE20CD21C600CB75C3 /* Base.lproj */,
				65EEE0B120CD21C600CB75C3 /* Info.plist */,
			);
			path = Support;
			sourceTree = "<group>";
		};
		65EEE0AE20CD21C600CB75C3 /* Base.lproj */ = {
			isa = PBXGroup;
			children = (
				65EEE0AF20CD21C600CB75C3 /* LaunchScreen.storyboard */,
			);
			path = Base.lproj;
			sourceTree = "<group>";
		};
		65EEE0C820CD5F3200CB75C3 /* Sources */ = {
			isa = PBXGroup;
			children = (
				6587D05320CD8DE900CE9653 /* DBProxy */,
				6587D05220CD8DE500CE9653 /* DBManager */,
				65EEE0C920CD5F3200CB75C3 /* Cells */,
				65EEE0CB20CD5F3200CB75C3 /* Extension */,
				65EEE0CE20CD5F3200CB75C3 /* Models */,
				65EEE0D020CD5F3200CB75C3 /* ViewControllers */,
			);
			path = Sources;
			sourceTree = "<group>";
		};
		65EEE0C920CD5F3200CB75C3 /* Cells */ = {
			isa = PBXGroup;
			children = (
				6536D43E20CEA123008718E8 /* UserTableViewCell.swift */,
			);
			path = Cells;
			sourceTree = "<group>";
		};
		65EEE0CB20CD5F3200CB75C3 /* Extension */ = {
			isa = PBXGroup;
			children = (
				65EEE0CC20CD5F3200CB75C3 /* ClassName-Extension.swift */,
				65EEE0CD20CD5F3200CB75C3 /* UITableView-Extension.swift */,
			);
			path = Extension;
			sourceTree = "<group>";
		};
		65EEE0CE20CD5F3200CB75C3 /* Models */ = {
			isa = PBXGroup;
			children = (
				6536D43C20CEA108008718E8 /* User.swift */,
			);
			path = Models;
			sourceTree = "<group>";
		};
		65EEE0D020CD5F3200CB75C3 /* ViewControllers */ = {
			isa = PBXGroup;
			children = (
				6536D43A20CE9FB7008718E8 /* AddViewController.swift */,
				65EEE0D220CD5F3200CB75C3 /* EditViewController.swift */,
				65EEE0D120CD5F3200CB75C3 /* TableViewController.swift */,
			);
			path = ViewControllers;
			sourceTree = "<group>";
		};
		8EAFDE20EE3951FEC143EEC3 /* Pods */ = {
			isa = PBXGroup;
			children = (
				E4432A9818D9B84C292A51D8 /* Pods-RealmWrapperExample.debug.xcconfig */,
				15EAC6DCE0811B7BDB4167C1 /* Pods-RealmWrapperExample.release.xcconfig */,
			);
			name = Pods;
			sourceTree = "<group>";
		};
/* End PBXGroup section */

/* Begin PBXNativeTarget section */
		65C3366A20CC9D5D00D59A7E /* RealmWrapperExample */ = {
			isa = PBXNativeTarget;
			buildConfigurationList = 65C3367D20CC9D5F00D59A7E /* Build configuration list for PBXNativeTarget "RealmWrapperExample" */;
			buildPhases = (
				C1F3CD1A810586458BFF3717 /* [CP] Check Pods Manifest.lock */,
				65C3366720CC9D5D00D59A7E /* Sources */,
				65C3366820CC9D5D00D59A7E /* Frameworks */,
				65C3366920CC9D5D00D59A7E /* Resources */,
				E5E08F75685E9B705985BF0B /* [CP] Embed Pods Frameworks */,
			);
			buildRules = (
			);
			dependencies = (
			);
			name = RealmWrapperExample;
			productName = RealmWrapperExample;
			productReference = 65C3366B20CC9D5D00D59A7E /* RealmWrapperExample.app */;
			productType = "com.apple.product-type.application";
		};
/* End PBXNativeTarget section */

/* Begin PBXProject section */
		65C3366320CC9D5D00D59A7E /* Project object */ = {
			isa = PBXProject;
			attributes = {
				LastSwiftUpdateCheck = 0940;
				LastUpgradeCheck = 0940;
				ORGANIZATIONNAME = "k-lpmg";
				TargetAttributes = {
					65C3366A20CC9D5D00D59A7E = {
						CreatedOnToolsVersion = 9.4;
					};
				};
			};
			buildConfigurationList = 65C3366620CC9D5D00D59A7E /* Build configuration list for PBXProject "RealmWrapperExample" */;
			compatibilityVersion = "Xcode 9.3";
			developmentRegion = en;
			hasScannedForEncodings = 0;
			knownRegions = (
				en,
				Base,
			);
			mainGroup = 65C3366220CC9D5D00D59A7E;
			productRefGroup = 65C3366C20CC9D5D00D59A7E /* Products */;
			projectDirPath = "";
			projectRoot = "";
			targets = (
				65C3366A20CC9D5D00D59A7E /* RealmWrapperExample */,
			);
		};
/* End PBXProject section */

/* Begin PBXResourcesBuildPhase section */
		65C3366920CC9D5D00D59A7E /* Resources */ = {
			isa = PBXResourcesBuildPhase;
			buildActionMask = 2147483647;
			files = (
				65EEE0B220CD21C600CB75C3 /* Assets.xcassets in Resources */,
				65EEE0B320CD21C600CB75C3 /* LaunchScreen.storyboard in Resources */,
			);
			runOnlyForDeploymentPostprocessing = 0;
		};
/* End PBXResourcesBuildPhase section */

/* Begin PBXShellScriptBuildPhase section */
		C1F3CD1A810586458BFF3717 /* [CP] Check Pods Manifest.lock */ = {
			isa = PBXShellScriptBuildPhase;
			buildActionMask = 2147483647;
			files = (
			);
			inputPaths = (
				"${PODS_PODFILE_DIR_PATH}/Podfile.lock",
				"${PODS_ROOT}/Manifest.lock",
			);
			name = "[CP] Check Pods Manifest.lock";
			outputPaths = (
				"$(DERIVED_FILE_DIR)/Pods-RealmWrapperExample-checkManifestLockResult.txt",
			);
			runOnlyForDeploymentPostprocessing = 0;
			shellPath = /bin/sh;
			shellScript = "diff \"${PODS_PODFILE_DIR_PATH}/Podfile.lock\" \"${PODS_ROOT}/Manifest.lock\" > /dev/null\nif [ $? != 0 ] ; then\n    # print error to STDERR\n    echo \"error: The sandbox is not in sync with the Podfile.lock. Run 'pod install' or update your CocoaPods installation.\" >&2\n    exit 1\nfi\n# This output is used by Xcode 'outputs' to avoid re-running this script phase.\necho \"SUCCESS\" > \"${SCRIPT_OUTPUT_FILE_0}\"\n";
			showEnvVarsInLog = 0;
		};
		E5E08F75685E9B705985BF0B /* [CP] Embed Pods Frameworks */ = {
			isa = PBXShellScriptBuildPhase;
			buildActionMask = 2147483647;
			files = (
			);
			inputPaths = (
				"${SRCROOT}/Pods/Target Support Files/Pods-RealmWrapperExample/Pods-RealmWrapperExample-frameworks.sh",
				"${BUILT_PRODUCTS_DIR}/Realm/Realm.framework",
				"${BUILT_PRODUCTS_DIR}/RealmSwift/RealmSwift.framework",
				"${BUILT_PRODUCTS_DIR}/RealmWrapper/RealmWrapper.framework",
			);
			name = "[CP] Embed Pods Frameworks";
			outputPaths = (
				"${TARGET_BUILD_DIR}/${FRAMEWORKS_FOLDER_PATH}/Realm.framework",
				"${TARGET_BUILD_DIR}/${FRAMEWORKS_FOLDER_PATH}/RealmSwift.framework",
				"${TARGET_BUILD_DIR}/${FRAMEWORKS_FOLDER_PATH}/RealmWrapper.framework",
			);
			runOnlyForDeploymentPostprocessing = 0;
			shellPath = /bin/sh;
			shellScript = "\"${SRCROOT}/Pods/Target Support Files/Pods-RealmWrapperExample/Pods-RealmWrapperExample-frameworks.sh\"\n";
			showEnvVarsInLog = 0;
		};
/* End PBXShellScriptBuildPhase section */

/* Begin PBXSourcesBuildPhase section */
		65C3366720CC9D5D00D59A7E /* Sources */ = {
			isa = PBXSourcesBuildPhase;
			buildActionMask = 2147483647;
			files = (
				6536D44720CEA1B5008718E8 /* UserRealmProxy.swift in Sources */,
				6536D43B20CE9FB7008718E8 /* AddViewController.swift in Sources */,
				6536D44920CEA1D1008718E8 /* InMemoryRealmProxy.swift in Sources */,
				6536D43F20CEA123008718E8 /* UserTableViewCell.swift in Sources */,
				65EEE0D720CD5F3200CB75C3 /* TableViewController.swift in Sources */,
				65EEE0D520CD5F3200CB75C3 /* UITableView-Extension.swift in Sources */,
				6536D43D20CEA108008718E8 /* User.swift in Sources */,
				6536D44120CEA14C008718E8 /* UserRealmManager.swift in Sources */,
				65C3366F20CC9D5D00D59A7E /* AppDelegate.swift in Sources */,
				6536D44520CEA16F008718E8 /* InMemoryManager.swift in Sources */,
				65EEE0D420CD5F3200CB75C3 /* ClassName-Extension.swift in Sources */,
				65EEE0D820CD5F3200CB75C3 /* EditViewController.swift in Sources */,
			);
			runOnlyForDeploymentPostprocessing = 0;
		};
/* End PBXSourcesBuildPhase section */

/* Begin PBXVariantGroup section */
		65EEE0AF20CD21C600CB75C3 /* LaunchScreen.storyboard */ = {
			isa = PBXVariantGroup;
			children = (
				65EEE0B020CD21C600CB75C3 /* Base */,
			);
			name = LaunchScreen.storyboard;
			sourceTree = "<group>";
		};
/* End PBXVariantGroup section */

/* Begin XCBuildConfiguration section */
		65C3367B20CC9D5F00D59A7E /* Debug */ = {
			isa = XCBuildConfiguration;
			buildSettings = {
				ALWAYS_SEARCH_USER_PATHS = NO;
				CLANG_ANALYZER_NONNULL = YES;
				CLANG_ANALYZER_NUMBER_OBJECT_CONVERSION = YES_AGGRESSIVE;
				CLANG_CXX_LANGUAGE_STANDARD = "gnu++14";
				CLANG_CXX_LIBRARY = "libc++";
				CLANG_ENABLE_MODULES = YES;
				CLANG_ENABLE_OBJC_ARC = YES;
				CLANG_ENABLE_OBJC_WEAK = YES;
				CLANG_WARN_BLOCK_CAPTURE_AUTORELEASING = YES;
				CLANG_WARN_BOOL_CONVERSION = YES;
				CLANG_WARN_COMMA = YES;
				CLANG_WARN_CONSTANT_CONVERSION = YES;
				CLANG_WARN_DEPRECATED_OBJC_IMPLEMENTATIONS = YES;
				CLANG_WARN_DIRECT_OBJC_ISA_USAGE = YES_ERROR;
				CLANG_WARN_DOCUMENTATION_COMMENTS = YES;
				CLANG_WARN_EMPTY_BODY = YES;
				CLANG_WARN_ENUM_CONVERSION = YES;
				CLANG_WARN_INFINITE_RECURSION = YES;
				CLANG_WARN_INT_CONVERSION = YES;
				CLANG_WARN_NON_LITERAL_NULL_CONVERSION = YES;
				CLANG_WARN_OBJC_IMPLICIT_RETAIN_SELF = YES;
				CLANG_WARN_OBJC_LITERAL_CONVERSION = YES;
				CLANG_WARN_OBJC_ROOT_CLASS = YES_ERROR;
				CLANG_WARN_RANGE_LOOP_ANALYSIS = YES;
				CLANG_WARN_STRICT_PROTOTYPES = YES;
				CLANG_WARN_SUSPICIOUS_MOVE = YES;
				CLANG_WARN_UNGUARDED_AVAILABILITY = YES_AGGRESSIVE;
				CLANG_WARN_UNREACHABLE_CODE = YES;
				CLANG_WARN__DUPLICATE_METHOD_MATCH = YES;
				CODE_SIGN_IDENTITY = "iPhone Developer";
				COPY_PHASE_STRIP = NO;
				DEBUG_INFORMATION_FORMAT = dwarf;
				ENABLE_STRICT_OBJC_MSGSEND = YES;
				ENABLE_TESTABILITY = YES;
				GCC_C_LANGUAGE_STANDARD = gnu11;
				GCC_DYNAMIC_NO_PIC = NO;
				GCC_NO_COMMON_BLOCKS = YES;
				GCC_OPTIMIZATION_LEVEL = 0;
				GCC_PREPROCESSOR_DEFINITIONS = (
					"DEBUG=1",
					"$(inherited)",
				);
				GCC_WARN_64_TO_32_BIT_CONVERSION = YES;
				GCC_WARN_ABOUT_RETURN_TYPE = YES_ERROR;
				GCC_WARN_UNDECLARED_SELECTOR = YES;
				GCC_WARN_UNINITIALIZED_AUTOS = YES_AGGRESSIVE;
				GCC_WARN_UNUSED_FUNCTION = YES;
				GCC_WARN_UNUSED_VARIABLE = YES;
				IPHONEOS_DEPLOYMENT_TARGET = 11.4;
				MTL_ENABLE_DEBUG_INFO = YES;
				ONLY_ACTIVE_ARCH = YES;
				SDKROOT = iphoneos;
				SWIFT_ACTIVE_COMPILATION_CONDITIONS = DEBUG;
				SWIFT_OPTIMIZATION_LEVEL = "-Onone";
			};
			name = Debug;
		};
		65C3367C20CC9D5F00D59A7E /* Release */ = {
			isa = XCBuildConfiguration;
			buildSettings = {
				ALWAYS_SEARCH_USER_PATHS = NO;
				CLANG_ANALYZER_NONNULL = YES;
				CLANG_ANALYZER_NUMBER_OBJECT_CONVERSION = YES_AGGRESSIVE;
				CLANG_CXX_LANGUAGE_STANDARD = "gnu++14";
				CLANG_CXX_LIBRARY = "libc++";
				CLANG_ENABLE_MODULES = YES;
				CLANG_ENABLE_OBJC_ARC = YES;
				CLANG_ENABLE_OBJC_WEAK = YES;
				CLANG_WARN_BLOCK_CAPTURE_AUTORELEASING = YES;
				CLANG_WARN_BOOL_CONVERSION = YES;
				CLANG_WARN_COMMA = YES;
				CLANG_WARN_CONSTANT_CONVERSION = YES;
				CLANG_WARN_DEPRECATED_OBJC_IMPLEMENTATIONS = YES;
				CLANG_WARN_DIRECT_OBJC_ISA_USAGE = YES_ERROR;
				CLANG_WARN_DOCUMENTATION_COMMENTS = YES;
				CLANG_WARN_EMPTY_BODY = YES;
				CLANG_WARN_ENUM_CONVERSION = YES;
				CLANG_WARN_INFINITE_RECURSION = YES;
				CLANG_WARN_INT_CONVERSION = YES;
				CLANG_WARN_NON_LITERAL_NULL_CONVERSION = YES;
				CLANG_WARN_OBJC_IMPLICIT_RETAIN_SELF = YES;
				CLANG_WARN_OBJC_LITERAL_CONVERSION = YES;
				CLANG_WARN_OBJC_ROOT_CLASS = YES_ERROR;
				CLANG_WARN_RANGE_LOOP_ANALYSIS = YES;
				CLANG_WARN_STRICT_PROTOTYPES = YES;
				CLANG_WARN_SUSPICIOUS_MOVE = YES;
				CLANG_WARN_UNGUARDED_AVAILABILITY = YES_AGGRESSIVE;
				CLANG_WARN_UNREACHABLE_CODE = YES;
				CLANG_WARN__DUPLICATE_METHOD_MATCH = YES;
				CODE_SIGN_IDENTITY = "iPhone Developer";
				COPY_PHASE_STRIP = NO;
				DEBUG_INFORMATION_FORMAT = "dwarf-with-dsym";
				ENABLE_NS_ASSERTIONS = NO;
				ENABLE_STRICT_OBJC_MSGSEND = YES;
				GCC_C_LANGUAGE_STANDARD = gnu11;
				GCC_NO_COMMON_BLOCKS = YES;
				GCC_WARN_64_TO_32_BIT_CONVERSION = YES;
				GCC_WARN_ABOUT_RETURN_TYPE = YES_ERROR;
				GCC_WARN_UNDECLARED_SELECTOR = YES;
				GCC_WARN_UNINITIALIZED_AUTOS = YES_AGGRESSIVE;
				GCC_WARN_UNUSED_FUNCTION = YES;
				GCC_WARN_UNUSED_VARIABLE = YES;
				IPHONEOS_DEPLOYMENT_TARGET = 11.4;
				MTL_ENABLE_DEBUG_INFO = NO;
				SDKROOT = iphoneos;
				SWIFT_COMPILATION_MODE = wholemodule;
				SWIFT_OPTIMIZATION_LEVEL = "-O";
				VALIDATE_PRODUCT = YES;
			};
			name = Release;
		};
		65C3367E20CC9D5F00D59A7E /* Debug */ = {
			isa = XCBuildConfiguration;
			baseConfigurationReference = E4432A9818D9B84C292A51D8 /* Pods-RealmWrapperExample.debug.xcconfig */;
			buildSettings = {
				ASSETCATALOG_COMPILER_APPICON_NAME = AppIcon;
				CODE_SIGN_STYLE = Manual;
				DEVELOPMENT_TEAM = "";
				INFOPLIST_FILE = "$(SRCROOT)/RealmWrapperExample/Support/Info.plist";
				IPHONEOS_DEPLOYMENT_TARGET = 9.0;
				LD_RUNPATH_SEARCH_PATHS = (
					"$(inherited)",
					"@executable_path/Frameworks",
				);
				PRODUCT_BUNDLE_IDENTIFIER = "k-lpmg.RealmWrapperExample";
				PRODUCT_NAME = "$(TARGET_NAME)";
				PROVISIONING_PROFILE_SPECIFIER = "";
				SWIFT_VERSION = 4.0;
				TARGETED_DEVICE_FAMILY = "1,2";
			};
			name = Debug;
		};
		65C3367F20CC9D5F00D59A7E /* Release */ = {
			isa = XCBuildConfiguration;
			baseConfigurationReference = 15EAC6DCE0811B7BDB4167C1 /* Pods-RealmWrapperExample.release.xcconfig */;
			buildSettings = {
				ASSETCATALOG_COMPILER_APPICON_NAME = AppIcon;
				CODE_SIGN_STYLE = Manual;
				DEVELOPMENT_TEAM = "";
				INFOPLIST_FILE = "$(SRCROOT)/RealmWrapperExample/Support/Info.plist";
				IPHONEOS_DEPLOYMENT_TARGET = 9.0;
				LD_RUNPATH_SEARCH_PATHS = (
					"$(inherited)",
					"@executable_path/Frameworks",
				);
				PRODUCT_BUNDLE_IDENTIFIER = "k-lpmg.RealmWrapperExample";
				PRODUCT_NAME = "$(TARGET_NAME)";
				PROVISIONING_PROFILE_SPECIFIER = "";
				SWIFT_VERSION = 4.0;
				TARGETED_DEVICE_FAMILY = "1,2";
			};
			name = Release;
		};
/* End XCBuildConfiguration section */

/* Begin XCConfigurationList section */
		65C3366620CC9D5D00D59A7E /* Build configuration list for PBXProject "RealmWrapperExample" */ = {
			isa = XCConfigurationList;
			buildConfigurations = (
				65C3367B20CC9D5F00D59A7E /* Debug */,
				65C3367C20CC9D5F00D59A7E /* Release */,
			);
			defaultConfigurationIsVisible = 0;
			defaultConfigurationName = Release;
		};
		65C3367D20CC9D5F00D59A7E /* Build configuration list for PBXNativeTarget "RealmWrapperExample" */ = {
			isa = XCConfigurationList;
			buildConfigurations = (
				65C3367E20CC9D5F00D59A7E /* Debug */,
				65C3367F20CC9D5F00D59A7E /* Release */,
			);
			defaultConfigurationIsVisible = 0;
			defaultConfigurationName = Release;
		};
/* End XCConfigurationList section */
	};
	rootObject = 65C3366320CC9D5D00D59A7E /* Project object */;
}
